
Microsoft Visual Studio Solution File, Format Version 12.00
# Visual Studio 2013
VisualStudioVersion = 12.0.21005.1
MinimumVisualStudioVersion = 10.0.40219.1
Project("{FAE04EC0-301F-11D3-BF4B-00C04F79EFBC}") = "Zakharov.Origin.Web", "Zakharov.Origin.Web\Zakharov.Origin.Web.csproj", "{5B9344F8-AD94-4FAD-8061-0553412DE7A0}"
EndProject
Project("{FAE04EC0-301F-11D3-BF4B-00C04F79EFBC}") = "Zakharov.Origin.Model", "Zakharov.Origin.Model\Zakharov.Origin.Model.csproj", "{87961452-7D55-4B46-AEE7-45375161DE68}"
EndProject
Project("{FAE04EC0-301F-11D3-BF4B-00C04F79EFBC}") = "Zakharov.Origin.Test", "Zakharov.Origin.Test\Zakharov.Origin.Test.csproj", "{5F27718D-5ED4-4EC7-9E4B-1ACF3A18E5D6}"
EndProject
Project("{FAE04EC0-301F-11D3-BF4B-00C04F79EFBC}") = "Zakharov.Utilities", "Zakharov.Utilities\Zakharov.Utilities.csproj", "{6D764D5C-2384-4668-9338-DAC9B792C181}"
EndProject
Project("{FAE04EC0-301F-11D3-BF4B-00C04F79EFBC}") = "Zakharov.Utilities.Test", "Zakharov.Utilities.Test\Zakharov.Utilities.Test.csproj", "{EA843658-AF6C-4EC0-B45A-2DD3631CF9A1}"
EndProject
Project("{FAE04EC0-301F-11D3-BF4B-00C04F79EFBC}") = "Zakharov.Utilities.Console", "Zakharov.Utilities.Console\Zakharov.Utilities.Console.csproj", "{4F6F160C-D734-44A6-9478-AC79C252EFF9}"
EndProject
Global
	GlobalSection(SolutionConfigurationPlatforms) = preSolution
		Debug|Any CPU = Debug|Any CPU
		Release|Any CPU = Release|Any CPU
	EndGlobalSection
	GlobalSection(ProjectConfigurationPlatforms) = postSolution
		{5B9344F8-AD94-4FAD-8061-0553412DE7A0}.Debug|Any CPU.ActiveCfg = Debug|Any CPU
		{5B9344F8-AD94-4FAD-8061-0553412DE7A0}.Debug|Any CPU.Build.0 = Debug|Any CPU
		{5B9344F8-AD94-4FAD-8061-0553412DE7A0}.Release|Any CPU.ActiveCfg = Release|Any CPU
		{5B9344F8-AD94-4FAD-8061-0553412DE7A0}.Release|Any CPU.Build.0 = Release|Any CPU
		{87961452-7D55-4B46-AEE7-45375161DE68}.Debug|Any CPU.ActiveCfg = Debug|Any CPU
		{87961452-7D55-4B46-AEE7-45375161DE68}.Debug|Any CPU.Build.0 = Debug|Any CPU
		{87961452-7D55-4B46-AEE7-45375161DE68}.Release|Any CPU.ActiveCfg = Release|Any CPU
		{87961452-7D55-4B46-AEE7-45375161DE68}.Release|Any CPU.Build.0 = Release|Any CPU
		{5F27718D-5ED4-4EC7-9E4B-1ACF3A18E5D6}.Debug|Any CPU.ActiveCfg = Debug|Any CPU
		{5F27718D-5ED4-4EC7-9E4B-1ACF3A18E5D6}.Debug|Any CPU.Build.0 = Debug|Any CPU
		{5F27718D-5ED4-4EC7-9E4B-1ACF3A18E5D6}.Release|Any CPU.ActiveCfg = Release|Any CPU
		{5F27718D-5ED4-4EC7-9E4B-1ACF3A18E5D6}.Release|Any CPU.Build.0 = Release|Any CPU
		{6D764D5C-2384-4668-9338-DAC9B792C181}.Debug|Any CPU.ActiveCfg = Debug|Any CPU
		{6D764D5C-2384-4668-9338-DAC9B792C181}.Debug|Any CPU.Build.0 = Debug|Any CPU
		{6D764D5C-2384-4668-9338-DAC9B792C181}.Release|Any CPU.ActiveCfg = Release|Any CPU
		{6D764D5C-2384-4668-9338-DAC9B792C181}.Release|Any CPU.Build.0 = Release|Any CPU
		{EA843658-AF6C-4EC0-B45A-2DD3631CF9A1}.Debug|Any CPU.ActiveCfg = Debug|Any CPU
		{EA843658-AF6C-4EC0-B45A-2DD3631CF9A1}.Debug|Any CPU.Build.0 = Debug|Any CPU
		{EA843658-AF6C-4EC0-B45A-2DD3631CF9A1}.Release|Any CPU.ActiveCfg = Release|Any CPU
		{EA843658-AF6C-4EC0-B45A-2DD3631CF9A1}.Release|Any CPU.Build.0 = Release|Any CPU
		{4F6F160C-D734-44A6-9478-AC79C252EFF9}.Debug|Any CPU.ActiveCfg = Debug|Any CPU
		{4F6F160C-D734-44A6-9478-AC79C252EFF9}.Debug|Any CPU.Build.0 = Debug|Any CPU
		{4F6F160C-D734-44A6-9478-AC79C252EFF9}.Release|Any CPU.ActiveCfg = Release|Any CPU
		{4F6F160C-D734-44A6-9478-AC79C252EFF9}.Release|Any CPU.Build.0 = Release|Any CPU
	EndGlobalSection
	GlobalSection(SolutionProperties) = preSolution
		HideSolutionNode = FALSE
	EndGlobalSection
EndGlobal
